
Microsoft Visual Studio Solution File, Format Version 12.00
# Visual Studio Version 17
VisualStudioVersion = 17.14.36414.22 d17.14
MinimumVisualStudioVersion = 10.0.40219.1
Project("{FAE04EC0-301F-11D3-BF4B-00C04F79EFBC}") = "Элементы_компоновки", "Элементы_компоновки\Элементы_компоновки.csproj", "{27E82B77-029D-402B-AF13-57F837E3440A}"
EndProject
Global
	GlobalSection(SolutionConfigurationPlatforms) = preSolution
		Debug|Any CPU = Debug|Any CPU
		Release|Any CPU = Release|Any CPU
	EndGlobalSection
	GlobalSection(ProjectConfigurationPlatforms) = postSolution
		{27E82B77-029D-402B-AF13-57F837E3440A}.Debug|Any CPU.ActiveCfg = Debug|Any CPU
		{27E82B77-029D-402B-AF13-57F837E3440A}.Debug|Any CPU.Build.0 = Debug|Any CPU
		{27E82B77-029D-402B-AF13-57F837E3440A}.Release|Any CPU.ActiveCfg = Release|Any CPU
		{27E82B77-029D-402B-AF13-57F837E3440A}.Release|Any CPU.Build.0 = Release|Any CPU
	EndGlobalSection
	GlobalSection(SolutionProperties) = preSolution
		HideSolutionNode = FALSE
	EndGlobalSection
	GlobalSection(ExtensibilityGlobals) = postSolution
		SolutionGuid = {4BD49B3B-9B01-44B9-8AC0-1D1A320272F8}
	EndGlobalSection
EndGlobal
